
Microsoft Visual Studio Solution File, Format Version 12.00
# Visual Studio Version 16
VisualStudioVersion = 16.0.30413.136
MinimumVisualStudioVersion = 10.0.40219.1
Project("{9A19103F-16F7-4668-BE54-9A1E7A4F7556}") = "Participation2_SumOf3Numbers", "Participation2_SumOf3Numbers\Participation2_SumOf3Numbers.csproj", "{A591AB01-49F8-4897-8C3C-3DD3C834192D}"
EndProject
Project("{FAE04EC0-301F-11D3-BF4B-00C04F79EFBC}") = "Participation_FizzBuzz_Conditional", "Participation_FizzBuzz_Conditional\Participation_FizzBuzz_Conditional.csproj", "{46D55129-5CAB-4B27-BDF5-328D1B55A1CB}"
EndProject
Global
	GlobalSection(SolutionConfigurationPlatforms) = preSolution
		Debug|Any CPU = Debug|Any CPU
		Release|Any CPU = Release|Any CPU
	EndGlobalSection
	GlobalSection(ProjectConfigurationPlatforms) = postSolution
		{A591AB01-49F8-4897-8C3C-3DD3C834192D}.Debug|Any CPU.ActiveCfg = Debug|Any CPU
		{A591AB01-49F8-4897-8C3C-3DD3C834192D}.Debug|Any CPU.Build.0 = Debug|Any CPU
		{A591AB01-49F8-4897-8C3C-3DD3C834192D}.Release|Any CPU.ActiveCfg = Release|Any CPU
		{A591AB01-49F8-4897-8C3C-3DD3C834192D}.Release|Any CPU.Build.0 = Release|Any CPU
		{46D55129-5CAB-4B27-BDF5-328D1B55A1CB}.Debug|Any CPU.ActiveCfg = Debug|Any CPU
		{46D55129-5CAB-4B27-BDF5-328D1B55A1CB}.Debug|Any CPU.Build.0 = Debug|Any CPU
		{46D55129-5CAB-4B27-BDF5-328D1B55A1CB}.Release|Any CPU.ActiveCfg = Release|Any CPU
		{46D55129-5CAB-4B27-BDF5-328D1B55A1CB}.Release|Any CPU.Build.0 = Release|Any CPU
	EndGlobalSection
	GlobalSection(SolutionProperties) = preSolution
		HideSolutionNode = FALSE
	EndGlobalSection
	GlobalSection(ExtensibilityGlobals) = postSolution
		SolutionGuid = {DE537BFD-DA3A-4374-9161-FCEDBF88960C}
	EndGlobalSection
EndGlobal
