
Microsoft Visual Studio Solution File, Format Version 12.00
# Visual Studio Version 16
VisualStudioVersion = 16.0.30413.136
MinimumVisualStudioVersion = 10.0.40219.1
Project("{9A19103F-16F7-4668-BE54-9A1E7A4F7556}") = "SumOf3Numbers", "Participation2_SumOf3Numbers\SumOf3Numbers.csproj", "{A591AB01-49F8-4897-8C3C-3DD3C834192D}"
EndProject
Project("{9A19103F-16F7-4668-BE54-9A1E7A4F7556}") = "FizzBuzz_Conditional", "Participation_FizzBuzz_Conditional\FizzBuzz_Conditional.csproj", "{46D55129-5CAB-4B27-BDF5-328D1B55A1CB}"
EndProject
Project("{9A19103F-16F7-4668-BE54-9A1E7A4F7556}") = "HeadsTails", "Participation_HeadsTails\HeadsTails.csproj", "{08491909-B44C-4053-AE9E-587E4E5D703A}"
EndProject
Project("{FAE04EC0-301F-11D3-BF4B-00C04F79EFBC}") = "RandomGuess", "RandomGuess\RandomGuess.csproj", "{277C093B-11A0-4DF5-8F8E-3E4FAE6FDC29}"
EndProject
Project("{FAE04EC0-301F-11D3-BF4B-00C04F79EFBC}") = "StringManipulation", "StringManipulation\StringManipulation.csproj", "{73D17A6F-A779-43C0-BFA1-41474083AFB2}"
EndProject
Project("{FAE04EC0-301F-11D3-BF4B-00C04F79EFBC}") = "Collections", "Collections\Collections.csproj", "{AE54E2D2-EA25-44CD-A041-21B31066FF43}"
EndProject
Project("{FAE04EC0-301F-11D3-BF4B-00C04F79EFBC}") = "ProcessingCSVFile", "ProcessingCSVFile\ProcessingCSVFile.csproj", "{E76BDFC1-97EA-4161-A997-0E0973B50049}"
EndProject
Project("{FAE04EC0-301F-11D3-BF4B-00C04F79EFBC}") = "ProcessingCSVFile2", "ProcessingCSVFile2\ProcessingCSVFile2.csproj", "{1D6BC54B-B3AE-439B-8245-A13D32268B43}"
EndProject
Global
	GlobalSection(SolutionConfigurationPlatforms) = preSolution
		Debug|Any CPU = Debug|Any CPU
		Release|Any CPU = Release|Any CPU
	EndGlobalSection
	GlobalSection(ProjectConfigurationPlatforms) = postSolution
		{A591AB01-49F8-4897-8C3C-3DD3C834192D}.Debug|Any CPU.ActiveCfg = Debug|Any CPU
		{A591AB01-49F8-4897-8C3C-3DD3C834192D}.Debug|Any CPU.Build.0 = Debug|Any CPU
		{A591AB01-49F8-4897-8C3C-3DD3C834192D}.Release|Any CPU.ActiveCfg = Release|Any CPU
		{A591AB01-49F8-4897-8C3C-3DD3C834192D}.Release|Any CPU.Build.0 = Release|Any CPU
		{46D55129-5CAB-4B27-BDF5-328D1B55A1CB}.Debug|Any CPU.ActiveCfg = Debug|Any CPU
		{46D55129-5CAB-4B27-BDF5-328D1B55A1CB}.Debug|Any CPU.Build.0 = Debug|Any CPU
		{46D55129-5CAB-4B27-BDF5-328D1B55A1CB}.Release|Any CPU.ActiveCfg = Release|Any CPU
		{46D55129-5CAB-4B27-BDF5-328D1B55A1CB}.Release|Any CPU.Build.0 = Release|Any CPU
		{08491909-B44C-4053-AE9E-587E4E5D703A}.Debug|Any CPU.ActiveCfg = Debug|Any CPU
		{08491909-B44C-4053-AE9E-587E4E5D703A}.Debug|Any CPU.Build.0 = Debug|Any CPU
		{08491909-B44C-4053-AE9E-587E4E5D703A}.Release|Any CPU.ActiveCfg = Release|Any CPU
		{08491909-B44C-4053-AE9E-587E4E5D703A}.Release|Any CPU.Build.0 = Release|Any CPU
		{277C093B-11A0-4DF5-8F8E-3E4FAE6FDC29}.Debug|Any CPU.ActiveCfg = Debug|Any CPU
		{277C093B-11A0-4DF5-8F8E-3E4FAE6FDC29}.Debug|Any CPU.Build.0 = Debug|Any CPU
		{277C093B-11A0-4DF5-8F8E-3E4FAE6FDC29}.Release|Any CPU.ActiveCfg = Release|Any CPU
		{277C093B-11A0-4DF5-8F8E-3E4FAE6FDC29}.Release|Any CPU.Build.0 = Release|Any CPU
		{73D17A6F-A779-43C0-BFA1-41474083AFB2}.Debug|Any CPU.ActiveCfg = Debug|Any CPU
		{73D17A6F-A779-43C0-BFA1-41474083AFB2}.Debug|Any CPU.Build.0 = Debug|Any CPU
		{73D17A6F-A779-43C0-BFA1-41474083AFB2}.Release|Any CPU.ActiveCfg = Release|Any CPU
		{73D17A6F-A779-43C0-BFA1-41474083AFB2}.Release|Any CPU.Build.0 = Release|Any CPU
		{AE54E2D2-EA25-44CD-A041-21B31066FF43}.Debug|Any CPU.ActiveCfg = Debug|Any CPU
		{AE54E2D2-EA25-44CD-A041-21B31066FF43}.Debug|Any CPU.Build.0 = Debug|Any CPU
		{AE54E2D2-EA25-44CD-A041-21B31066FF43}.Release|Any CPU.ActiveCfg = Release|Any CPU
		{AE54E2D2-EA25-44CD-A041-21B31066FF43}.Release|Any CPU.Build.0 = Release|Any CPU
		{E76BDFC1-97EA-4161-A997-0E0973B50049}.Debug|Any CPU.ActiveCfg = Debug|Any CPU
		{E76BDFC1-97EA-4161-A997-0E0973B50049}.Debug|Any CPU.Build.0 = Debug|Any CPU
		{E76BDFC1-97EA-4161-A997-0E0973B50049}.Release|Any CPU.ActiveCfg = Release|Any CPU
		{E76BDFC1-97EA-4161-A997-0E0973B50049}.Release|Any CPU.Build.0 = Release|Any CPU
		{1D6BC54B-B3AE-439B-8245-A13D32268B43}.Debug|Any CPU.ActiveCfg = Debug|Any CPU
		{1D6BC54B-B3AE-439B-8245-A13D32268B43}.Debug|Any CPU.Build.0 = Debug|Any CPU
		{1D6BC54B-B3AE-439B-8245-A13D32268B43}.Release|Any CPU.ActiveCfg = Release|Any CPU
		{1D6BC54B-B3AE-439B-8245-A13D32268B43}.Release|Any CPU.Build.0 = Release|Any CPU
	EndGlobalSection
	GlobalSection(SolutionProperties) = preSolution
		HideSolutionNode = FALSE
	EndGlobalSection
	GlobalSection(ExtensibilityGlobals) = postSolution
		SolutionGuid = {DE537BFD-DA3A-4374-9161-FCEDBF88960C}
	EndGlobalSection
EndGlobal
